// !$*UTF8*$!
{
	archiveVersion = 1;
	classes = {
	};
	objectVersion = 55;
	objects = {

/* Begin PBXBuildFile section */
		D18BEC2227744F4400355FAB /* AppDelegate.swift in Sources */ = {isa = PBXBuildFile; fileRef = D18BEC2127744F4400355FAB /* AppDelegate.swift */; };
		D18BEC2427744F4400355FAB /* SceneDelegate.swift in Sources */ = {isa = PBXBuildFile; fileRef = D18BEC2327744F4400355FAB /* SceneDelegate.swift */; };
		D18BEC2627744F4400355FAB /* ViewController.swift in Sources */ = {isa = PBXBuildFile; fileRef = D18BEC2527744F4400355FAB /* ViewController.swift */; };
		D18BEC2927744F4400355FAB /* Main.storyboard in Resources */ = {isa = PBXBuildFile; fileRef = D18BEC2727744F4400355FAB /* Main.storyboard */; };
		D18BEC2B27744F4D00355FAB /* Assets.xcassets in Resources */ = {isa = PBXBuildFile; fileRef = D18BEC2A27744F4D00355FAB /* Assets.xcassets */; };
		D18BEC2E27744F4D00355FAB /* LaunchScreen.storyboard in Resources */ = {isa = PBXBuildFile; fileRef = D18BEC2C27744F4D00355FAB /* LaunchScreen.storyboard */; };
		D18BEC3927744F4D00355FAB /* theMovieDBTests.swift in Sources */ = {isa = PBXBuildFile; fileRef = D18BEC3827744F4D00355FAB /* theMovieDBTests.swift */; };
		D18BEC4327744F4D00355FAB /* theMovieDBUITests.swift in Sources */ = {isa = PBXBuildFile; fileRef = D18BEC4227744F4D00355FAB /* theMovieDBUITests.swift */; };
		D18BEC4527744F4D00355FAB /* theMovieDBUITestsLaunchTests.swift in Sources */ = {isa = PBXBuildFile; fileRef = D18BEC4427744F4D00355FAB /* theMovieDBUITestsLaunchTests.swift */; };
		D18BEC56277520D600355FAB /* NetworkConstants.swift in Sources */ = {isa = PBXBuildFile; fileRef = D18BEC55277520D600355FAB /* NetworkConstants.swift */; };
		D18BEC5827753AAC00355FAB /* EndpointType.swift in Sources */ = {isa = PBXBuildFile; fileRef = D18BEC5727753AAC00355FAB /* EndpointType.swift */; };
		D18BEC5A27753AE400355FAB /* MoviesEndpoints.swift in Sources */ = {isa = PBXBuildFile; fileRef = D18BEC5927753AE400355FAB /* MoviesEndpoints.swift */; };
		D18BEC5C27753AF500355FAB /* TVShowEndpoints.swift in Sources */ = {isa = PBXBuildFile; fileRef = D18BEC5B27753AF500355FAB /* TVShowEndpoints.swift */; };
		D18BEC5E27753FBD00355FAB /* HTTPClient.swift in Sources */ = {isa = PBXBuildFile; fileRef = D18BEC5D27753FBD00355FAB /* HTTPClient.swift */; };
		D18BEC6027759E8E00355FAB /* ServerResponse.swift in Sources */ = {isa = PBXBuildFile; fileRef = D18BEC5F27759E8E00355FAB /* ServerResponse.swift */; };
		D18BEC63277637BB00355FAB /* TVShowModel.swift in Sources */ = {isa = PBXBuildFile; fileRef = D18BEC62277637BB00355FAB /* TVShowModel.swift */; };
		D18BEC65277637E900355FAB /* MovieModel.swift in Sources */ = {isa = PBXBuildFile; fileRef = D18BEC64277637E900355FAB /* MovieModel.swift */; };
		D18BEC6727763B4000355FAB /* TVShowRemoteDataSource.swift in Sources */ = {isa = PBXBuildFile; fileRef = D18BEC6627763B4000355FAB /* TVShowRemoteDataSource.swift */; };
/* End PBXBuildFile section */

/* Begin PBXContainerItemProxy section */
		D18BEC3527744F4D00355FAB /* PBXContainerItemProxy */ = {
			isa = PBXContainerItemProxy;
			containerPortal = D18BEC1627744F4400355FAB /* Project object */;
			proxyType = 1;
			remoteGlobalIDString = D18BEC1D27744F4400355FAB;
			remoteInfo = theMovieDB;
		};
		D18BEC3F27744F4D00355FAB /* PBXContainerItemProxy */ = {
			isa = PBXContainerItemProxy;
			containerPortal = D18BEC1627744F4400355FAB /* Project object */;
			proxyType = 1;
			remoteGlobalIDString = D18BEC1D27744F4400355FAB;
			remoteInfo = theMovieDB;
		};
/* End PBXContainerItemProxy section */

/* Begin PBXFileReference section */
		D18BEC1E27744F4400355FAB /* theMovieDB.app */ = {isa = PBXFileReference; explicitFileType = wrapper.application; includeInIndex = 0; path = theMovieDB.app; sourceTree = BUILT_PRODUCTS_DIR; };
		D18BEC2127744F4400355FAB /* AppDelegate.swift */ = {isa = PBXFileReference; lastKnownFileType = sourcecode.swift; path = AppDelegate.swift; sourceTree = "<group>"; };
		D18BEC2327744F4400355FAB /* SceneDelegate.swift */ = {isa = PBXFileReference; lastKnownFileType = sourcecode.swift; path = SceneDelegate.swift; sourceTree = "<group>"; };
		D18BEC2527744F4400355FAB /* ViewController.swift */ = {isa = PBXFileReference; lastKnownFileType = sourcecode.swift; path = ViewController.swift; sourceTree = "<group>"; };
		D18BEC2827744F4400355FAB /* Base */ = {isa = PBXFileReference; lastKnownFileType = file.storyboard; name = Base; path = Base.lproj/Main.storyboard; sourceTree = "<group>"; };
		D18BEC2A27744F4D00355FAB /* Assets.xcassets */ = {isa = PBXFileReference; lastKnownFileType = folder.assetcatalog; path = Assets.xcassets; sourceTree = "<group>"; };
		D18BEC2D27744F4D00355FAB /* Base */ = {isa = PBXFileReference; lastKnownFileType = file.storyboard; name = Base; path = Base.lproj/LaunchScreen.storyboard; sourceTree = "<group>"; };
		D18BEC2F27744F4D00355FAB /* Info.plist */ = {isa = PBXFileReference; lastKnownFileType = text.plist.xml; path = Info.plist; sourceTree = "<group>"; };
		D18BEC3427744F4D00355FAB /* theMovieDBTests.xctest */ = {isa = PBXFileReference; explicitFileType = wrapper.cfbundle; includeInIndex = 0; path = theMovieDBTests.xctest; sourceTree = BUILT_PRODUCTS_DIR; };
		D18BEC3827744F4D00355FAB /* theMovieDBTests.swift */ = {isa = PBXFileReference; lastKnownFileType = sourcecode.swift; path = theMovieDBTests.swift; sourceTree = "<group>"; };
		D18BEC3E27744F4D00355FAB /* theMovieDBUITests.xctest */ = {isa = PBXFileReference; explicitFileType = wrapper.cfbundle; includeInIndex = 0; path = theMovieDBUITests.xctest; sourceTree = BUILT_PRODUCTS_DIR; };
		D18BEC4227744F4D00355FAB /* theMovieDBUITests.swift */ = {isa = PBXFileReference; lastKnownFileType = sourcecode.swift; path = theMovieDBUITests.swift; sourceTree = "<group>"; };
		D18BEC4427744F4D00355FAB /* theMovieDBUITestsLaunchTests.swift */ = {isa = PBXFileReference; lastKnownFileType = sourcecode.swift; path = theMovieDBUITestsLaunchTests.swift; sourceTree = "<group>"; };
		D18BEC55277520D600355FAB /* NetworkConstants.swift */ = {isa = PBXFileReference; lastKnownFileType = sourcecode.swift; path = NetworkConstants.swift; sourceTree = "<group>"; };
		D18BEC5727753AAC00355FAB /* EndpointType.swift */ = {isa = PBXFileReference; lastKnownFileType = sourcecode.swift; path = EndpointType.swift; sourceTree = "<group>"; };
		D18BEC5927753AE400355FAB /* MoviesEndpoints.swift */ = {isa = PBXFileReference; lastKnownFileType = sourcecode.swift; path = MoviesEndpoints.swift; sourceTree = "<group>"; };
		D18BEC5B27753AF500355FAB /* TVShowEndpoints.swift */ = {isa = PBXFileReference; lastKnownFileType = sourcecode.swift; path = TVShowEndpoints.swift; sourceTree = "<group>"; };
		D18BEC5D27753FBD00355FAB /* HTTPClient.swift */ = {isa = PBXFileReference; lastKnownFileType = sourcecode.swift; path = HTTPClient.swift; sourceTree = "<group>"; };
		D18BEC5F27759E8E00355FAB /* ServerResponse.swift */ = {isa = PBXFileReference; lastKnownFileType = sourcecode.swift; path = ServerResponse.swift; sourceTree = "<group>"; };
		D18BEC62277637BB00355FAB /* TVShowModel.swift */ = {isa = PBXFileReference; lastKnownFileType = sourcecode.swift; path = TVShowModel.swift; sourceTree = "<group>"; };
		D18BEC64277637E900355FAB /* MovieModel.swift */ = {isa = PBXFileReference; lastKnownFileType = sourcecode.swift; path = MovieModel.swift; sourceTree = "<group>"; };
		D18BEC6627763B4000355FAB /* TVShowRemoteDataSource.swift */ = {isa = PBXFileReference; lastKnownFileType = sourcecode.swift; path = TVShowRemoteDataSource.swift; sourceTree = "<group>"; };
/* End PBXFileReference section */

/* Begin PBXFrameworksBuildPhase section */
		D18BEC1B27744F4400355FAB /* Frameworks */ = {
			isa = PBXFrameworksBuildPhase;
			buildActionMask = 2147483647;
			files = (
			);
			runOnlyForDeploymentPostprocessing = 0;
		};
		D18BEC3127744F4D00355FAB /* Frameworks */ = {
			isa = PBXFrameworksBuildPhase;
			buildActionMask = 2147483647;
			files = (
			);
			runOnlyForDeploymentPostprocessing = 0;
		};
		D18BEC3B27744F4D00355FAB /* Frameworks */ = {
			isa = PBXFrameworksBuildPhase;
			buildActionMask = 2147483647;
			files = (
			);
			runOnlyForDeploymentPostprocessing = 0;
		};
/* End PBXFrameworksBuildPhase section */

/* Begin PBXGroup section */
		D18BEC1527744F4400355FAB = {
			isa = PBXGroup;
			children = (
				D18BEC2027744F4400355FAB /* theMovieDB */,
				D18BEC3727744F4D00355FAB /* theMovieDBTests */,
				D18BEC4127744F4D00355FAB /* theMovieDBUITests */,
				D18BEC1F27744F4400355FAB /* Products */,
			);
			sourceTree = "<group>";
		};
		D18BEC1F27744F4400355FAB /* Products */ = {
			isa = PBXGroup;
			children = (
				D18BEC1E27744F4400355FAB /* theMovieDB.app */,
				D18BEC3427744F4D00355FAB /* theMovieDBTests.xctest */,
				D18BEC3E27744F4D00355FAB /* theMovieDBUITests.xctest */,
			);
			name = Products;
			sourceTree = "<group>";
		};
		D18BEC2027744F4400355FAB /* theMovieDB */ = {
			isa = PBXGroup;
			children = (
				D18BEC612776379D00355FAB /* Models */,
				D18BEC2127744F4400355FAB /* AppDelegate.swift */,
				D18BEC2327744F4400355FAB /* SceneDelegate.swift */,
				D18BEC2527744F4400355FAB /* ViewController.swift */,
				D18BEC2727744F4400355FAB /* Main.storyboard */,
				D18BEC2A27744F4D00355FAB /* Assets.xcassets */,
				D18BEC2C27744F4D00355FAB /* LaunchScreen.storyboard */,
				D18BEC2F27744F4D00355FAB /* Info.plist */,
				D18BEC55277520D600355FAB /* NetworkConstants.swift */,
				D18BEC5727753AAC00355FAB /* EndpointType.swift */,
				D18BEC5927753AE400355FAB /* MoviesEndpoints.swift */,
				D18BEC5B27753AF500355FAB /* TVShowEndpoints.swift */,
				D18BEC5D27753FBD00355FAB /* HTTPClient.swift */,
				D18BEC6627763B4000355FAB /* TVShowRemoteDataSource.swift */,
			);
			path = theMovieDB;
			sourceTree = "<group>";
		};
		D18BEC3727744F4D00355FAB /* theMovieDBTests */ = {
			isa = PBXGroup;
			children = (
				D18BEC3827744F4D00355FAB /* theMovieDBTests.swift */,
			);
			path = theMovieDBTests;
			sourceTree = "<group>";
		};
		D18BEC4127744F4D00355FAB /* theMovieDBUITests */ = {
			isa = PBXGroup;
			children = (
				D18BEC4227744F4D00355FAB /* theMovieDBUITests.swift */,
				D18BEC4427744F4D00355FAB /* theMovieDBUITestsLaunchTests.swift */,
			);
			path = theMovieDBUITests;
			sourceTree = "<group>";
		};
		D18BEC612776379D00355FAB /* Models */ = {
			isa = PBXGroup;
			children = (
				D18BEC5F27759E8E00355FAB /* ServerResponse.swift */,
				D18BEC62277637BB00355FAB /* TVShowModel.swift */,
				D18BEC64277637E900355FAB /* MovieModel.swift */,
			);
			path = Models;
			sourceTree = "<group>";
		};
/* End PBXGroup section */

/* Begin PBXNativeTarget section */
		D18BEC1D27744F4400355FAB /* theMovieDB */ = {
			isa = PBXNativeTarget;
			buildConfigurationList = D18BEC4827744F4D00355FAB /* Build configuration list for PBXNativeTarget "theMovieDB" */;
			buildPhases = (
				D18BEC1A27744F4400355FAB /* Sources */,
				D18BEC1B27744F4400355FAB /* Frameworks */,
				D18BEC1C27744F4400355FAB /* Resources */,
			);
			buildRules = (
			);
			dependencies = (
			);
			name = theMovieDB;
			productName = theMovieDB;
			productReference = D18BEC1E27744F4400355FAB /* theMovieDB.app */;
			productType = "com.apple.product-type.application";
		};
		D18BEC3327744F4D00355FAB /* theMovieDBTests */ = {
			isa = PBXNativeTarget;
			buildConfigurationList = D18BEC4B27744F4D00355FAB /* Build configuration list for PBXNativeTarget "theMovieDBTests" */;
			buildPhases = (
				D18BEC3027744F4D00355FAB /* Sources */,
				D18BEC3127744F4D00355FAB /* Frameworks */,
				D18BEC3227744F4D00355FAB /* Resources */,
			);
			buildRules = (
			);
			dependencies = (
				D18BEC3627744F4D00355FAB /* PBXTargetDependency */,
			);
			name = theMovieDBTests;
			productName = theMovieDBTests;
			productReference = D18BEC3427744F4D00355FAB /* theMovieDBTests.xctest */;
			productType = "com.apple.product-type.bundle.unit-test";
		};
		D18BEC3D27744F4D00355FAB /* theMovieDBUITests */ = {
			isa = PBXNativeTarget;
			buildConfigurationList = D18BEC4E27744F4D00355FAB /* Build configuration list for PBXNativeTarget "theMovieDBUITests" */;
			buildPhases = (
				D18BEC3A27744F4D00355FAB /* Sources */,
				D18BEC3B27744F4D00355FAB /* Frameworks */,
				D18BEC3C27744F4D00355FAB /* Resources */,
			);
			buildRules = (
			);
			dependencies = (
				D18BEC4027744F4D00355FAB /* PBXTargetDependency */,
			);
			name = theMovieDBUITests;
			productName = theMovieDBUITests;
			productReference = D18BEC3E27744F4D00355FAB /* theMovieDBUITests.xctest */;
			productType = "com.apple.product-type.bundle.ui-testing";
		};
/* End PBXNativeTarget section */

/* Begin PBXProject section */
		D18BEC1627744F4400355FAB /* Project object */ = {
			isa = PBXProject;
			attributes = {
				BuildIndependentTargetsInParallel = 1;
				LastSwiftUpdateCheck = 1310;
				LastUpgradeCheck = 1310;
				TargetAttributes = {
					D18BEC1D27744F4400355FAB = {
						CreatedOnToolsVersion = 13.1;
					};
					D18BEC3327744F4D00355FAB = {
						CreatedOnToolsVersion = 13.1;
						TestTargetID = D18BEC1D27744F4400355FAB;
					};
					D18BEC3D27744F4D00355FAB = {
						CreatedOnToolsVersion = 13.1;
						TestTargetID = D18BEC1D27744F4400355FAB;
					};
				};
			};
			buildConfigurationList = D18BEC1927744F4400355FAB /* Build configuration list for PBXProject "theMovieDB" */;
			compatibilityVersion = "Xcode 13.0";
			developmentRegion = en;
			hasScannedForEncodings = 0;
			knownRegions = (
				en,
				Base,
			);
			mainGroup = D18BEC1527744F4400355FAB;
			productRefGroup = D18BEC1F27744F4400355FAB /* Products */;
			projectDirPath = "";
			projectRoot = "";
			targets = (
				D18BEC1D27744F4400355FAB /* theMovieDB */,
				D18BEC3327744F4D00355FAB /* theMovieDBTests */,
				D18BEC3D27744F4D00355FAB /* theMovieDBUITests */,
			);
		};
/* End PBXProject section */

/* Begin PBXResourcesBuildPhase section */
		D18BEC1C27744F4400355FAB /* Resources */ = {
			isa = PBXResourcesBuildPhase;
			buildActionMask = 2147483647;
			files = (
				D18BEC2E27744F4D00355FAB /* LaunchScreen.storyboard in Resources */,
				D18BEC2B27744F4D00355FAB /* Assets.xcassets in Resources */,
				D18BEC2927744F4400355FAB /* Main.storyboard in Resources */,
			);
			runOnlyForDeploymentPostprocessing = 0;
		};
		D18BEC3227744F4D00355FAB /* Resources */ = {
			isa = PBXResourcesBuildPhase;
			buildActionMask = 2147483647;
			files = (
			);
			runOnlyForDeploymentPostprocessing = 0;
		};
		D18BEC3C27744F4D00355FAB /* Resources */ = {
			isa = PBXResourcesBuildPhase;
			buildActionMask = 2147483647;
			files = (
			);
			runOnlyForDeploymentPostprocessing = 0;
		};
/* End PBXResourcesBuildPhase section */

/* Begin PBXSourcesBuildPhase section */
		D18BEC1A27744F4400355FAB /* Sources */ = {
			isa = PBXSourcesBuildPhase;
			buildActionMask = 2147483647;
			files = (
				D18BEC65277637E900355FAB /* MovieModel.swift in Sources */,
				D18BEC5827753AAC00355FAB /* EndpointType.swift in Sources */,
				D18BEC56277520D600355FAB /* NetworkConstants.swift in Sources */,
				D18BEC5E27753FBD00355FAB /* HTTPClient.swift in Sources */,
				D18BEC2627744F4400355FAB /* ViewController.swift in Sources */,
				D18BEC63277637BB00355FAB /* TVShowModel.swift in Sources */,
				D18BEC6027759E8E00355FAB /* ServerResponse.swift in Sources */,
				D18BEC5A27753AE400355FAB /* MoviesEndpoints.swift in Sources */,
				D18BEC2227744F4400355FAB /* AppDelegate.swift in Sources */,
				D18BEC6727763B4000355FAB /* TVShowRemoteDataSource.swift in Sources */,
				D18BEC5C27753AF500355FAB /* TVShowEndpoints.swift in Sources */,
				D18BEC2427744F4400355FAB /* SceneDelegate.swift in Sources */,
			);
			runOnlyForDeploymentPostprocessing = 0;
		};
		D18BEC3027744F4D00355FAB /* Sources */ = {
			isa = PBXSourcesBuildPhase;
			buildActionMask = 2147483647;
			files = (
				D18BEC3927744F4D00355FAB /* theMovieDBTests.swift in Sources */,
			);
			runOnlyForDeploymentPostprocessing = 0;
		};
		D18BEC3A27744F4D00355FAB /* Sources */ = {
			isa = PBXSourcesBuildPhase;
			buildActionMask = 2147483647;
			files = (
				D18BEC4327744F4D00355FAB /* theMovieDBUITests.swift in Sources */,
				D18BEC4527744F4D00355FAB /* theMovieDBUITestsLaunchTests.swift in Sources */,
			);
			runOnlyForDeploymentPostprocessing = 0;
		};
/* End PBXSourcesBuildPhase section */

/* Begin PBXTargetDependency section */
		D18BEC3627744F4D00355FAB /* PBXTargetDependency */ = {
			isa = PBXTargetDependency;
			target = D18BEC1D27744F4400355FAB /* theMovieDB */;
			targetProxy = D18BEC3527744F4D00355FAB /* PBXContainerItemProxy */;
		};
		D18BEC4027744F4D00355FAB /* PBXTargetDependency */ = {
			isa = PBXTargetDependency;
			target = D18BEC1D27744F4400355FAB /* theMovieDB */;
			targetProxy = D18BEC3F27744F4D00355FAB /* PBXContainerItemProxy */;
		};
/* End PBXTargetDependency section */

/* Begin PBXVariantGroup section */
		D18BEC2727744F4400355FAB /* Main.storyboard */ = {
			isa = PBXVariantGroup;
			children = (
				D18BEC2827744F4400355FAB /* Base */,
			);
			name = Main.storyboard;
			sourceTree = "<group>";
		};
		D18BEC2C27744F4D00355FAB /* LaunchScreen.storyboard */ = {
			isa = PBXVariantGroup;
			children = (
				D18BEC2D27744F4D00355FAB /* Base */,
			);
			name = LaunchScreen.storyboard;
			sourceTree = "<group>";
		};
/* End PBXVariantGroup section */

/* Begin XCBuildConfiguration section */
		D18BEC4627744F4D00355FAB /* Debug */ = {
			isa = XCBuildConfiguration;
			buildSettings = {
				ALWAYS_SEARCH_USER_PATHS = NO;
				CLANG_ANALYZER_NONNULL = YES;
				CLANG_ANALYZER_NUMBER_OBJECT_CONVERSION = YES_AGGRESSIVE;
				CLANG_CXX_LANGUAGE_STANDARD = "gnu++17";
				CLANG_CXX_LIBRARY = "libc++";
				CLANG_ENABLE_MODULES = YES;
				CLANG_ENABLE_OBJC_ARC = YES;
				CLANG_ENABLE_OBJC_WEAK = YES;
				CLANG_WARN_BLOCK_CAPTURE_AUTORELEASING = YES;
				CLANG_WARN_BOOL_CONVERSION = YES;
				CLANG_WARN_COMMA = YES;
				CLANG_WARN_CONSTANT_CONVERSION = YES;
				CLANG_WARN_DEPRECATED_OBJC_IMPLEMENTATIONS = YES;
				CLANG_WARN_DIRECT_OBJC_ISA_USAGE = YES_ERROR;
				CLANG_WARN_DOCUMENTATION_COMMENTS = YES;
				CLANG_WARN_EMPTY_BODY = YES;
				CLANG_WARN_ENUM_CONVERSION = YES;
				CLANG_WARN_INFINITE_RECURSION = YES;
				CLANG_WARN_INT_CONVERSION = YES;
				CLANG_WARN_NON_LITERAL_NULL_CONVERSION = YES;
				CLANG_WARN_OBJC_IMPLICIT_RETAIN_SELF = YES;
				CLANG_WARN_OBJC_LITERAL_CONVERSION = YES;
				CLANG_WARN_OBJC_ROOT_CLASS = YES_ERROR;
				CLANG_WARN_QUOTED_INCLUDE_IN_FRAMEWORK_HEADER = YES;
				CLANG_WARN_RANGE_LOOP_ANALYSIS = YES;
				CLANG_WARN_STRICT_PROTOTYPES = YES;
				CLANG_WARN_SUSPICIOUS_MOVE = YES;
				CLANG_WARN_UNGUARDED_AVAILABILITY = YES_AGGRESSIVE;
				CLANG_WARN_UNREACHABLE_CODE = YES;
				CLANG_WARN__DUPLICATE_METHOD_MATCH = YES;
				COPY_PHASE_STRIP = NO;
				DEBUG_INFORMATION_FORMAT = dwarf;
				ENABLE_STRICT_OBJC_MSGSEND = YES;
				ENABLE_TESTABILITY = YES;
				GCC_C_LANGUAGE_STANDARD = gnu11;
				GCC_DYNAMIC_NO_PIC = NO;
				GCC_NO_COMMON_BLOCKS = YES;
				GCC_OPTIMIZATION_LEVEL = 0;
				GCC_PREPROCESSOR_DEFINITIONS = (
					"DEBUG=1",
					"$(inherited)",
				);
				GCC_WARN_64_TO_32_BIT_CONVERSION = YES;
				GCC_WARN_ABOUT_RETURN_TYPE = YES_ERROR;
				GCC_WARN_UNDECLARED_SELECTOR = YES;
				GCC_WARN_UNINITIALIZED_AUTOS = YES_AGGRESSIVE;
				GCC_WARN_UNUSED_FUNCTION = YES;
				GCC_WARN_UNUSED_VARIABLE = YES;
				IPHONEOS_DEPLOYMENT_TARGET = 15.0;
				MTL_ENABLE_DEBUG_INFO = INCLUDE_SOURCE;
				MTL_FAST_MATH = YES;
				ONLY_ACTIVE_ARCH = YES;
				SDKROOT = iphoneos;
				SWIFT_ACTIVE_COMPILATION_CONDITIONS = DEBUG;
				SWIFT_OPTIMIZATION_LEVEL = "-Onone";
			};
			name = Debug;
		};
		D18BEC4727744F4D00355FAB /* Release */ = {
			isa = XCBuildConfiguration;
			buildSettings = {
				ALWAYS_SEARCH_USER_PATHS = NO;
				CLANG_ANALYZER_NONNULL = YES;
				CLANG_ANALYZER_NUMBER_OBJECT_CONVERSION = YES_AGGRESSIVE;
				CLANG_CXX_LANGUAGE_STANDARD = "gnu++17";
				CLANG_CXX_LIBRARY = "libc++";
				CLANG_ENABLE_MODULES = YES;
				CLANG_ENABLE_OBJC_ARC = YES;
				CLANG_ENABLE_OBJC_WEAK = YES;
				CLANG_WARN_BLOCK_CAPTURE_AUTORELEASING = YES;
				CLANG_WARN_BOOL_CONVERSION = YES;
				CLANG_WARN_COMMA = YES;
				CLANG_WARN_CONSTANT_CONVERSION = YES;
				CLANG_WARN_DEPRECATED_OBJC_IMPLEMENTATIONS = YES;
				CLANG_WARN_DIRECT_OBJC_ISA_USAGE = YES_ERROR;
				CLANG_WARN_DOCUMENTATION_COMMENTS = YES;
				CLANG_WARN_EMPTY_BODY = YES;
				CLANG_WARN_ENUM_CONVERSION = YES;
				CLANG_WARN_INFINITE_RECURSION = YES;
				CLANG_WARN_INT_CONVERSION = YES;
				CLANG_WARN_NON_LITERAL_NULL_CONVERSION = YES;
				CLANG_WARN_OBJC_IMPLICIT_RETAIN_SELF = YES;
				CLANG_WARN_OBJC_LITERAL_CONVERSION = YES;
				CLANG_WARN_OBJC_ROOT_CLASS = YES_ERROR;
				CLANG_WARN_QUOTED_INCLUDE_IN_FRAMEWORK_HEADER = YES;
				CLANG_WARN_RANGE_LOOP_ANALYSIS = YES;
				CLANG_WARN_STRICT_PROTOTYPES = YES;
				CLANG_WARN_SUSPICIOUS_MOVE = YES;
				CLANG_WARN_UNGUARDED_AVAILABILITY = YES_AGGRESSIVE;
				CLANG_WARN_UNREACHABLE_CODE = YES;
				CLANG_WARN__DUPLICATE_METHOD_MATCH = YES;
				COPY_PHASE_STRIP = NO;
				DEBUG_INFORMATION_FORMAT = "dwarf-with-dsym";
				ENABLE_NS_ASSERTIONS = NO;
				ENABLE_STRICT_OBJC_MSGSEND = YES;
				GCC_C_LANGUAGE_STANDARD = gnu11;
				GCC_NO_COMMON_BLOCKS = YES;
				GCC_WARN_64_TO_32_BIT_CONVERSION = YES;
				GCC_WARN_ABOUT_RETURN_TYPE = YES_ERROR;
				GCC_WARN_UNDECLARED_SELECTOR = YES;
				GCC_WARN_UNINITIALIZED_AUTOS = YES_AGGRESSIVE;
				GCC_WARN_UNUSED_FUNCTION = YES;
				GCC_WARN_UNUSED_VARIABLE = YES;
				IPHONEOS_DEPLOYMENT_TARGET = 15.0;
				MTL_ENABLE_DEBUG_INFO = NO;
				MTL_FAST_MATH = YES;
				SDKROOT = iphoneos;
				SWIFT_COMPILATION_MODE = wholemodule;
				SWIFT_OPTIMIZATION_LEVEL = "-O";
				VALIDATE_PRODUCT = YES;
			};
			name = Release;
		};
		D18BEC4927744F4D00355FAB /* Debug */ = {
			isa = XCBuildConfiguration;
			buildSettings = {
				ASSETCATALOG_COMPILER_APPICON_NAME = AppIcon;
				ASSETCATALOG_COMPILER_GLOBAL_ACCENT_COLOR_NAME = AccentColor;
				CODE_SIGN_STYLE = Automatic;
				CURRENT_PROJECT_VERSION = 1;
				DEVELOPMENT_TEAM = 5R3NRRRC6P;
				GENERATE_INFOPLIST_FILE = YES;
				INFOPLIST_FILE = theMovieDB/Info.plist;
				INFOPLIST_KEY_UIApplicationSupportsIndirectInputEvents = YES;
				INFOPLIST_KEY_UILaunchStoryboardName = LaunchScreen;
				INFOPLIST_KEY_UIMainStoryboardFile = Main;
				INFOPLIST_KEY_UISupportedInterfaceOrientations_iPad = "UIInterfaceOrientationPortrait UIInterfaceOrientationPortraitUpsideDown UIInterfaceOrientationLandscapeLeft UIInterfaceOrientationLandscapeRight";
				INFOPLIST_KEY_UISupportedInterfaceOrientations_iPhone = "UIInterfaceOrientationPortrait UIInterfaceOrientationLandscapeLeft UIInterfaceOrientationLandscapeRight";
				LD_RUNPATH_SEARCH_PATHS = (
					"$(inherited)",
					"@executable_path/Frameworks",
				);
				MARKETING_VERSION = 1.0;
				PRODUCT_BUNDLE_IDENTIFIER = com.andres.theMovieDB;
				PRODUCT_NAME = "$(TARGET_NAME)";
				SWIFT_EMIT_LOC_STRINGS = YES;
				SWIFT_VERSION = 5.0;
				TARGETED_DEVICE_FAMILY = "1,2";
			};
			name = Debug;
		};
		D18BEC4A27744F4D00355FAB /* Release */ = {
			isa = XCBuildConfiguration;
			buildSettings = {
				ASSETCATALOG_COMPILER_APPICON_NAME = AppIcon;
				ASSETCATALOG_COMPILER_GLOBAL_ACCENT_COLOR_NAME = AccentColor;
				CODE_SIGN_STYLE = Automatic;
				CURRENT_PROJECT_VERSION = 1;
				DEVELOPMENT_TEAM = 5R3NRRRC6P;
				GENERATE_INFOPLIST_FILE = YES;
				INFOPLIST_FILE = theMovieDB/Info.plist;
				INFOPLIST_KEY_UIApplicationSupportsIndirectInputEvents = YES;
				INFOPLIST_KEY_UILaunchStoryboardName = LaunchScreen;
				INFOPLIST_KEY_UIMainStoryboardFile = Main;
				INFOPLIST_KEY_UISupportedInterfaceOrientations_iPad = "UIInterfaceOrientationPortrait UIInterfaceOrientationPortraitUpsideDown UIInterfaceOrientationLandscapeLeft UIInterfaceOrientationLandscapeRight";
				INFOPLIST_KEY_UISupportedInterfaceOrientations_iPhone = "UIInterfaceOrientationPortrait UIInterfaceOrientationLandscapeLeft UIInterfaceOrientationLandscapeRight";
				LD_RUNPATH_SEARCH_PATHS = (
					"$(inherited)",
					"@executable_path/Frameworks",
				);
				MARKETING_VERSION = 1.0;
				PRODUCT_BUNDLE_IDENTIFIER = com.andres.theMovieDB;
				PRODUCT_NAME = "$(TARGET_NAME)";
				SWIFT_EMIT_LOC_STRINGS = YES;
				SWIFT_VERSION = 5.0;
				TARGETED_DEVICE_FAMILY = "1,2";
			};
			name = Release;
		};
		D18BEC4C27744F4D00355FAB /* Debug */ = {
			isa = XCBuildConfiguration;
			buildSettings = {
				ALWAYS_EMBED_SWIFT_STANDARD_LIBRARIES = YES;
				BUNDLE_LOADER = "$(TEST_HOST)";
				CODE_SIGN_STYLE = Automatic;
				CURRENT_PROJECT_VERSION = 1;
				DEVELOPMENT_TEAM = 5R3NRRRC6P;
				GENERATE_INFOPLIST_FILE = YES;
				IPHONEOS_DEPLOYMENT_TARGET = 15.0;
				LD_RUNPATH_SEARCH_PATHS = (
					"$(inherited)",
					"@executable_path/Frameworks",
					"@loader_path/Frameworks",
				);
				MARKETING_VERSION = 1.0;
				PRODUCT_BUNDLE_IDENTIFIER = com.andres.theMovieDBTests;
				PRODUCT_NAME = "$(TARGET_NAME)";
				SWIFT_EMIT_LOC_STRINGS = NO;
				SWIFT_VERSION = 5.0;
				TARGETED_DEVICE_FAMILY = "1,2";
				TEST_HOST = "$(BUILT_PRODUCTS_DIR)/theMovieDB.app/theMovieDB";
			};
			name = Debug;
		};
		D18BEC4D27744F4D00355FAB /* Release */ = {
			isa = XCBuildConfiguration;
			buildSettings = {
				ALWAYS_EMBED_SWIFT_STANDARD_LIBRARIES = YES;
				BUNDLE_LOADER = "$(TEST_HOST)";
				CODE_SIGN_STYLE = Automatic;
				CURRENT_PROJECT_VERSION = 1;
				DEVELOPMENT_TEAM = 5R3NRRRC6P;
				GENERATE_INFOPLIST_FILE = YES;
				IPHONEOS_DEPLOYMENT_TARGET = 15.0;
				LD_RUNPATH_SEARCH_PATHS = (
					"$(inherited)",
					"@executable_path/Frameworks",
					"@loader_path/Frameworks",
				);
				MARKETING_VERSION = 1.0;
				PRODUCT_BUNDLE_IDENTIFIER = com.andres.theMovieDBTests;
				PRODUCT_NAME = "$(TARGET_NAME)";
				SWIFT_EMIT_LOC_STRINGS = NO;
				SWIFT_VERSION = 5.0;
				TARGETED_DEVICE_FAMILY = "1,2";
				TEST_HOST = "$(BUILT_PRODUCTS_DIR)/theMovieDB.app/theMovieDB";
			};
			name = Release;
		};
		D18BEC4F27744F4D00355FAB /* Debug */ = {
			isa = XCBuildConfiguration;
			buildSettings = {
				ALWAYS_EMBED_SWIFT_STANDARD_LIBRARIES = YES;
				CODE_SIGN_STYLE = Automatic;
				CURRENT_PROJECT_VERSION = 1;
				DEVELOPMENT_TEAM = 5R3NRRRC6P;
				GENERATE_INFOPLIST_FILE = YES;
				LD_RUNPATH_SEARCH_PATHS = (
					"$(inherited)",
					"@executable_path/Frameworks",
					"@loader_path/Frameworks",
				);
				MARKETING_VERSION = 1.0;
				PRODUCT_BUNDLE_IDENTIFIER = com.andres.theMovieDBUITests;
				PRODUCT_NAME = "$(TARGET_NAME)";
				SWIFT_EMIT_LOC_STRINGS = NO;
				SWIFT_VERSION = 5.0;
				TARGETED_DEVICE_FAMILY = "1,2";
				TEST_TARGET_NAME = theMovieDB;
			};
			name = Debug;
		};
		D18BEC5027744F4D00355FAB /* Release */ = {
			isa = XCBuildConfiguration;
			buildSettings = {
				ALWAYS_EMBED_SWIFT_STANDARD_LIBRARIES = YES;
				CODE_SIGN_STYLE = Automatic;
				CURRENT_PROJECT_VERSION = 1;
				DEVELOPMENT_TEAM = 5R3NRRRC6P;
				GENERATE_INFOPLIST_FILE = YES;
				LD_RUNPATH_SEARCH_PATHS = (
					"$(inherited)",
					"@executable_path/Frameworks",
					"@loader_path/Frameworks",
				);
				MARKETING_VERSION = 1.0;
				PRODUCT_BUNDLE_IDENTIFIER = com.andres.theMovieDBUITests;
				PRODUCT_NAME = "$(TARGET_NAME)";
				SWIFT_EMIT_LOC_STRINGS = NO;
				SWIFT_VERSION = 5.0;
				TARGETED_DEVICE_FAMILY = "1,2";
				TEST_TARGET_NAME = theMovieDB;
			};
			name = Release;
		};
/* End XCBuildConfiguration section */

/* Begin XCConfigurationList section */
		D18BEC1927744F4400355FAB /* Build configuration list for PBXProject "theMovieDB" */ = {
			isa = XCConfigurationList;
			buildConfigurations = (
				D18BEC4627744F4D00355FAB /* Debug */,
				D18BEC4727744F4D00355FAB /* Release */,
			);
			defaultConfigurationIsVisible = 0;
			defaultConfigurationName = Release;
		};
		D18BEC4827744F4D00355FAB /* Build configuration list for PBXNativeTarget "theMovieDB" */ = {
			isa = XCConfigurationList;
			buildConfigurations = (
				D18BEC4927744F4D00355FAB /* Debug */,
				D18BEC4A27744F4D00355FAB /* Release */,
			);
			defaultConfigurationIsVisible = 0;
			defaultConfigurationName = Release;
		};
		D18BEC4B27744F4D00355FAB /* Build configuration list for PBXNativeTarget "theMovieDBTests" */ = {
			isa = XCConfigurationList;
			buildConfigurations = (
				D18BEC4C27744F4D00355FAB /* Debug */,
				D18BEC4D27744F4D00355FAB /* Release */,
			);
			defaultConfigurationIsVisible = 0;
			defaultConfigurationName = Release;
		};
		D18BEC4E27744F4D00355FAB /* Build configuration list for PBXNativeTarget "theMovieDBUITests" */ = {
			isa = XCConfigurationList;
			buildConfigurations = (
				D18BEC4F27744F4D00355FAB /* Debug */,
				D18BEC5027744F4D00355FAB /* Release */,
			);
			defaultConfigurationIsVisible = 0;
			defaultConfigurationName = Release;
		};
/* End XCConfigurationList section */
	};
	rootObject = D18BEC1627744F4400355FAB /* Project object */;
}
