// !$*UTF8*$!
{
	archiveVersion = 1;
	classes = {
	};
	objectVersion = 55;
	objects = {

/* Begin PBXBuildFile section */
		CD4A864644F8654866918AE7 /* Pods_theMovieDB.framework in Frameworks */ = {isa = PBXBuildFile; fileRef = 862C2BF4D0BA1449D838A7C5 /* Pods_theMovieDB.framework */; };
		CE570F26113376D17B5B69A4 /* Pods_theMovieDBTests.framework in Frameworks */ = {isa = PBXBuildFile; fileRef = 2D6337270320F9FB3C3A51C8 /* Pods_theMovieDBTests.framework */; };
		D182C756277705C400C8303A /* Domain.framework in Frameworks */ = {isa = PBXBuildFile; fileRef = D182C755277705C400C8303A /* Domain.framework */; };
		D182C757277705C400C8303A /* Domain.framework in Embed Frameworks */ = {isa = PBXBuildFile; fileRef = D182C755277705C400C8303A /* Domain.framework */; settings = {ATTRIBUTES = (CodeSignOnCopy, RemoveHeadersOnCopy, ); }; };
		D18BEC2227744F4400355FAB /* AppDelegate.swift in Sources */ = {isa = PBXBuildFile; fileRef = D18BEC2127744F4400355FAB /* AppDelegate.swift */; };
		D18BEC2427744F4400355FAB /* SceneDelegate.swift in Sources */ = {isa = PBXBuildFile; fileRef = D18BEC2327744F4400355FAB /* SceneDelegate.swift */; };
		D18BEC2B27744F4D00355FAB /* Assets.xcassets in Resources */ = {isa = PBXBuildFile; fileRef = D18BEC2A27744F4D00355FAB /* Assets.xcassets */; };
		D18BEC2E27744F4D00355FAB /* LaunchScreen.storyboard in Resources */ = {isa = PBXBuildFile; fileRef = D18BEC2C27744F4D00355FAB /* LaunchScreen.storyboard */; };
		D18BEC3927744F4D00355FAB /* theMovieDBTests.swift in Sources */ = {isa = PBXBuildFile; fileRef = D18BEC3827744F4D00355FAB /* theMovieDBTests.swift */; };
		D18BEC4327744F4D00355FAB /* theMovieDBUITests.swift in Sources */ = {isa = PBXBuildFile; fileRef = D18BEC4227744F4D00355FAB /* theMovieDBUITests.swift */; };
		D18BEC4527744F4D00355FAB /* theMovieDBUITestsLaunchTests.swift in Sources */ = {isa = PBXBuildFile; fileRef = D18BEC4427744F4D00355FAB /* theMovieDBUITestsLaunchTests.swift */; };
		D1C36D3727783C6A00207A1B /* Data.framework in Frameworks */ = {isa = PBXBuildFile; fileRef = D17E65DB2777AEE3006F68D8 /* Data.framework */; };
		D1C36D3827783C6A00207A1B /* Data.framework in Embed Frameworks */ = {isa = PBXBuildFile; fileRef = D17E65DB2777AEE3006F68D8 /* Data.framework */; settings = {ATTRIBUTES = (CodeSignOnCopy, RemoveHeadersOnCopy, ); }; };
		D1C36D3A27784BC400207A1B /* MoviesViewModel.swift in Sources */ = {isa = PBXBuildFile; fileRef = D1C36D3927784BC400207A1B /* MoviesViewModel.swift */; };
		D1C36D3C27785C5B00207A1B /* MoviesViewController.swift in Sources */ = {isa = PBXBuildFile; fileRef = D1C36D3B27785C5B00207A1B /* MoviesViewController.swift */; };
		D1C36D3F27785EE200207A1B /* Coordinator.swift in Sources */ = {isa = PBXBuildFile; fileRef = D1C36D3E27785EE200207A1B /* Coordinator.swift */; };
		D1C36D4127785FD300207A1B /* AppCoordinator.swift in Sources */ = {isa = PBXBuildFile; fileRef = D1C36D4027785FD300207A1B /* AppCoordinator.swift */; };
		D1C36D432778617900207A1B /* MovieCoordinator.swift in Sources */ = {isa = PBXBuildFile; fileRef = D1C36D422778617900207A1B /* MovieCoordinator.swift */; };
/* End PBXBuildFile section */

/* Begin PBXContainerItemProxy section */
		D18BEC3527744F4D00355FAB /* PBXContainerItemProxy */ = {
			isa = PBXContainerItemProxy;
			containerPortal = D18BEC1627744F4400355FAB /* Project object */;
			proxyType = 1;
			remoteGlobalIDString = D18BEC1D27744F4400355FAB;
			remoteInfo = theMovieDB;
		};
		D18BEC3F27744F4D00355FAB /* PBXContainerItemProxy */ = {
			isa = PBXContainerItemProxy;
			containerPortal = D18BEC1627744F4400355FAB /* Project object */;
			proxyType = 1;
			remoteGlobalIDString = D18BEC1D27744F4400355FAB;
			remoteInfo = theMovieDB;
		};
/* End PBXContainerItemProxy section */

/* Begin PBXCopyFilesBuildPhase section */
		D182C758277705C500C8303A /* Embed Frameworks */ = {
			isa = PBXCopyFilesBuildPhase;
			buildActionMask = 2147483647;
			dstPath = "";
			dstSubfolderSpec = 10;
			files = (
				D1C36D3827783C6A00207A1B /* Data.framework in Embed Frameworks */,
				D182C757277705C400C8303A /* Domain.framework in Embed Frameworks */,
			);
			name = "Embed Frameworks";
			runOnlyForDeploymentPostprocessing = 0;
		};
/* End PBXCopyFilesBuildPhase section */

/* Begin PBXFileReference section */
		15C1CE6CB62A4E133FFD349B /* Pods-theMovieDBTests.release.xcconfig */ = {isa = PBXFileReference; includeInIndex = 1; lastKnownFileType = text.xcconfig; name = "Pods-theMovieDBTests.release.xcconfig"; path = "Target Support Files/Pods-theMovieDBTests/Pods-theMovieDBTests.release.xcconfig"; sourceTree = "<group>"; };
		2D6337270320F9FB3C3A51C8 /* Pods_theMovieDBTests.framework */ = {isa = PBXFileReference; explicitFileType = wrapper.framework; includeInIndex = 0; path = Pods_theMovieDBTests.framework; sourceTree = BUILT_PRODUCTS_DIR; };
		4D2587071E2796536E9CB33A /* Pods-theMovieDB.release.xcconfig */ = {isa = PBXFileReference; includeInIndex = 1; lastKnownFileType = text.xcconfig; name = "Pods-theMovieDB.release.xcconfig"; path = "Target Support Files/Pods-theMovieDB/Pods-theMovieDB.release.xcconfig"; sourceTree = "<group>"; };
		824570AE07ACA61ED1FCFC85 /* Pods-theMovieDB.debug.xcconfig */ = {isa = PBXFileReference; includeInIndex = 1; lastKnownFileType = text.xcconfig; name = "Pods-theMovieDB.debug.xcconfig"; path = "Target Support Files/Pods-theMovieDB/Pods-theMovieDB.debug.xcconfig"; sourceTree = "<group>"; };
		851D04326B94C0911AD90449 /* Pods-theMovieDBTests.debug.xcconfig */ = {isa = PBXFileReference; includeInIndex = 1; lastKnownFileType = text.xcconfig; name = "Pods-theMovieDBTests.debug.xcconfig"; path = "Target Support Files/Pods-theMovieDBTests/Pods-theMovieDBTests.debug.xcconfig"; sourceTree = "<group>"; };
		862C2BF4D0BA1449D838A7C5 /* Pods_theMovieDB.framework */ = {isa = PBXFileReference; explicitFileType = wrapper.framework; includeInIndex = 0; path = Pods_theMovieDB.framework; sourceTree = BUILT_PRODUCTS_DIR; };
		D17E65DB2777AEE3006F68D8 /* Data.framework */ = {isa = PBXFileReference; explicitFileType = wrapper.framework; path = Data.framework; sourceTree = BUILT_PRODUCTS_DIR; };
		D182C755277705C400C8303A /* Domain.framework */ = {isa = PBXFileReference; explicitFileType = wrapper.framework; path = Domain.framework; sourceTree = BUILT_PRODUCTS_DIR; };
		D18BEC1E27744F4400355FAB /* theMovieDB.app */ = {isa = PBXFileReference; explicitFileType = wrapper.application; includeInIndex = 0; path = theMovieDB.app; sourceTree = BUILT_PRODUCTS_DIR; };
		D18BEC2127744F4400355FAB /* AppDelegate.swift */ = {isa = PBXFileReference; lastKnownFileType = sourcecode.swift; path = AppDelegate.swift; sourceTree = "<group>"; };
		D18BEC2327744F4400355FAB /* SceneDelegate.swift */ = {isa = PBXFileReference; lastKnownFileType = sourcecode.swift; path = SceneDelegate.swift; sourceTree = "<group>"; };
		D18BEC2A27744F4D00355FAB /* Assets.xcassets */ = {isa = PBXFileReference; lastKnownFileType = folder.assetcatalog; path = Assets.xcassets; sourceTree = "<group>"; };
		D18BEC2D27744F4D00355FAB /* Base */ = {isa = PBXFileReference; lastKnownFileType = file.storyboard; name = Base; path = Base.lproj/LaunchScreen.storyboard; sourceTree = "<group>"; };
		D18BEC2F27744F4D00355FAB /* Info.plist */ = {isa = PBXFileReference; lastKnownFileType = text.plist.xml; path = Info.plist; sourceTree = "<group>"; };
		D18BEC3427744F4D00355FAB /* theMovieDBTests.xctest */ = {isa = PBXFileReference; explicitFileType = wrapper.cfbundle; includeInIndex = 0; path = theMovieDBTests.xctest; sourceTree = BUILT_PRODUCTS_DIR; };
		D18BEC3827744F4D00355FAB /* theMovieDBTests.swift */ = {isa = PBXFileReference; lastKnownFileType = sourcecode.swift; path = theMovieDBTests.swift; sourceTree = "<group>"; };
		D18BEC3E27744F4D00355FAB /* theMovieDBUITests.xctest */ = {isa = PBXFileReference; explicitFileType = wrapper.cfbundle; includeInIndex = 0; path = theMovieDBUITests.xctest; sourceTree = BUILT_PRODUCTS_DIR; };
		D18BEC4227744F4D00355FAB /* theMovieDBUITests.swift */ = {isa = PBXFileReference; lastKnownFileType = sourcecode.swift; path = theMovieDBUITests.swift; sourceTree = "<group>"; };
		D18BEC4427744F4D00355FAB /* theMovieDBUITestsLaunchTests.swift */ = {isa = PBXFileReference; lastKnownFileType = sourcecode.swift; path = theMovieDBUITestsLaunchTests.swift; sourceTree = "<group>"; };
		D1C36D3927784BC400207A1B /* MoviesViewModel.swift */ = {isa = PBXFileReference; lastKnownFileType = sourcecode.swift; path = MoviesViewModel.swift; sourceTree = "<group>"; };
		D1C36D3B27785C5B00207A1B /* MoviesViewController.swift */ = {isa = PBXFileReference; lastKnownFileType = sourcecode.swift; path = MoviesViewController.swift; sourceTree = "<group>"; };
		D1C36D3E27785EE200207A1B /* Coordinator.swift */ = {isa = PBXFileReference; lastKnownFileType = sourcecode.swift; path = Coordinator.swift; sourceTree = "<group>"; };
		D1C36D4027785FD300207A1B /* AppCoordinator.swift */ = {isa = PBXFileReference; lastKnownFileType = sourcecode.swift; path = AppCoordinator.swift; sourceTree = "<group>"; };
		D1C36D422778617900207A1B /* MovieCoordinator.swift */ = {isa = PBXFileReference; lastKnownFileType = sourcecode.swift; path = MovieCoordinator.swift; sourceTree = "<group>"; };
/* End PBXFileReference section */

/* Begin PBXFrameworksBuildPhase section */
		D18BEC1B27744F4400355FAB /* Frameworks */ = {
			isa = PBXFrameworksBuildPhase;
			buildActionMask = 2147483647;
			files = (
				D1C36D3727783C6A00207A1B /* Data.framework in Frameworks */,
				D182C756277705C400C8303A /* Domain.framework in Frameworks */,
				CD4A864644F8654866918AE7 /* Pods_theMovieDB.framework in Frameworks */,
			);
			runOnlyForDeploymentPostprocessing = 0;
		};
		D18BEC3127744F4D00355FAB /* Frameworks */ = {
			isa = PBXFrameworksBuildPhase;
			buildActionMask = 2147483647;
			files = (
				CE570F26113376D17B5B69A4 /* Pods_theMovieDBTests.framework in Frameworks */,
			);
			runOnlyForDeploymentPostprocessing = 0;
		};
		D18BEC3B27744F4D00355FAB /* Frameworks */ = {
			isa = PBXFrameworksBuildPhase;
			buildActionMask = 2147483647;
			files = (
			);
			runOnlyForDeploymentPostprocessing = 0;
		};
/* End PBXFrameworksBuildPhase section */

/* Begin PBXGroup section */
		35BF0D1D5F0221C11747AC29 /* Frameworks */ = {
			isa = PBXGroup;
			children = (
				D17E65DB2777AEE3006F68D8 /* Data.framework */,
				D182C755277705C400C8303A /* Domain.framework */,
				862C2BF4D0BA1449D838A7C5 /* Pods_theMovieDB.framework */,
				2D6337270320F9FB3C3A51C8 /* Pods_theMovieDBTests.framework */,
			);
			name = Frameworks;
			sourceTree = "<group>";
		};
		54BF77A03AF1D9AD7114CF9B /* Pods */ = {
			isa = PBXGroup;
			children = (
				824570AE07ACA61ED1FCFC85 /* Pods-theMovieDB.debug.xcconfig */,
				4D2587071E2796536E9CB33A /* Pods-theMovieDB.release.xcconfig */,
				851D04326B94C0911AD90449 /* Pods-theMovieDBTests.debug.xcconfig */,
				15C1CE6CB62A4E133FFD349B /* Pods-theMovieDBTests.release.xcconfig */,
			);
			path = Pods;
			sourceTree = "<group>";
		};
		D17E657D2777932E006F68D8 /* Movie */ = {
			isa = PBXGroup;
			children = (
				D1C36D3927784BC400207A1B /* MoviesViewModel.swift */,
				D1C36D3B27785C5B00207A1B /* MoviesViewController.swift */,
			);
			path = Movie;
			sourceTree = "<group>";
		};
		D17E657E27779369006F68D8 /* MovieDetails */ = {
			isa = PBXGroup;
			children = (
			);
			path = MovieDetails;
			sourceTree = "<group>";
		};
		D17E65CE2777A71C006F68D8 /* TVShow */ = {
			isa = PBXGroup;
			children = (
			);
			path = TVShow;
			sourceTree = "<group>";
		};
		D18BEC1527744F4400355FAB = {
			isa = PBXGroup;
			children = (
				D18BEC2027744F4400355FAB /* theMovieDB */,
				D18BEC3727744F4D00355FAB /* theMovieDBTests */,
				D18BEC4127744F4D00355FAB /* theMovieDBUITests */,
				D18BEC1F27744F4400355FAB /* Products */,
				54BF77A03AF1D9AD7114CF9B /* Pods */,
				35BF0D1D5F0221C11747AC29 /* Frameworks */,
			);
			sourceTree = "<group>";
		};
		D18BEC1F27744F4400355FAB /* Products */ = {
			isa = PBXGroup;
			children = (
				D18BEC1E27744F4400355FAB /* theMovieDB.app */,
				D18BEC3427744F4D00355FAB /* theMovieDBTests.xctest */,
				D18BEC3E27744F4D00355FAB /* theMovieDBUITests.xctest */,
			);
			name = Products;
			sourceTree = "<group>";
		};
		D18BEC2027744F4400355FAB /* theMovieDB */ = {
			isa = PBXGroup;
			children = (
				D17E657D2777932E006F68D8 /* Movie */,
				D17E657E27779369006F68D8 /* MovieDetails */,
				D17E65CE2777A71C006F68D8 /* TVShow */,
				D1C36D3D27785EC600207A1B /* Coordinator */,
				D18BEC2127744F4400355FAB /* AppDelegate.swift */,
				D18BEC2327744F4400355FAB /* SceneDelegate.swift */,
				D18BEC2A27744F4D00355FAB /* Assets.xcassets */,
				D18BEC2C27744F4D00355FAB /* LaunchScreen.storyboard */,
				D18BEC2F27744F4D00355FAB /* Info.plist */,
			);
			path = theMovieDB;
			sourceTree = "<group>";
		};
		D18BEC3727744F4D00355FAB /* theMovieDBTests */ = {
			isa = PBXGroup;
			children = (
				D18BEC3827744F4D00355FAB /* theMovieDBTests.swift */,
			);
			path = theMovieDBTests;
			sourceTree = "<group>";
		};
		D18BEC4127744F4D00355FAB /* theMovieDBUITests */ = {
			isa = PBXGroup;
			children = (
				D18BEC4227744F4D00355FAB /* theMovieDBUITests.swift */,
				D18BEC4427744F4D00355FAB /* theMovieDBUITestsLaunchTests.swift */,
			);
			path = theMovieDBUITests;
			sourceTree = "<group>";
		};
		D1C36D3D27785EC600207A1B /* Coordinator */ = {
			isa = PBXGroup;
			children = (
				D1C36D3E27785EE200207A1B /* Coordinator.swift */,
				D1C36D4027785FD300207A1B /* AppCoordinator.swift */,
				D1C36D422778617900207A1B /* MovieCoordinator.swift */,
			);
			path = Coordinator;
			sourceTree = "<group>";
		};
/* End PBXGroup section */

/* Begin PBXNativeTarget section */
		D18BEC1D27744F4400355FAB /* theMovieDB */ = {
			isa = PBXNativeTarget;
			buildConfigurationList = D18BEC4827744F4D00355FAB /* Build configuration list for PBXNativeTarget "theMovieDB" */;
			buildPhases = (
				192E039B0362B0D43F677A89 /* [CP] Check Pods Manifest.lock */,
				D18BEC1A27744F4400355FAB /* Sources */,
				D18BEC1B27744F4400355FAB /* Frameworks */,
				D18BEC1C27744F4400355FAB /* Resources */,
				D182C758277705C500C8303A /* Embed Frameworks */,
				12DE809725EE05B2074A6B58 /* [CP] Embed Pods Frameworks */,
			);
			buildRules = (
			);
			dependencies = (
			);
			name = theMovieDB;
			productName = theMovieDB;
			productReference = D18BEC1E27744F4400355FAB /* theMovieDB.app */;
			productType = "com.apple.product-type.application";
		};
		D18BEC3327744F4D00355FAB /* theMovieDBTests */ = {
			isa = PBXNativeTarget;
			buildConfigurationList = D18BEC4B27744F4D00355FAB /* Build configuration list for PBXNativeTarget "theMovieDBTests" */;
			buildPhases = (
				0BE83EEBFE51D531D37C6142 /* [CP] Check Pods Manifest.lock */,
				D18BEC3027744F4D00355FAB /* Sources */,
				D18BEC3127744F4D00355FAB /* Frameworks */,
				D18BEC3227744F4D00355FAB /* Resources */,
			);
			buildRules = (
			);
			dependencies = (
				D18BEC3627744F4D00355FAB /* PBXTargetDependency */,
			);
			name = theMovieDBTests;
			productName = theMovieDBTests;
			productReference = D18BEC3427744F4D00355FAB /* theMovieDBTests.xctest */;
			productType = "com.apple.product-type.bundle.unit-test";
		};
		D18BEC3D27744F4D00355FAB /* theMovieDBUITests */ = {
			isa = PBXNativeTarget;
			buildConfigurationList = D18BEC4E27744F4D00355FAB /* Build configuration list for PBXNativeTarget "theMovieDBUITests" */;
			buildPhases = (
				D18BEC3A27744F4D00355FAB /* Sources */,
				D18BEC3B27744F4D00355FAB /* Frameworks */,
				D18BEC3C27744F4D00355FAB /* Resources */,
			);
			buildRules = (
			);
			dependencies = (
				D18BEC4027744F4D00355FAB /* PBXTargetDependency */,
			);
			name = theMovieDBUITests;
			productName = theMovieDBUITests;
			productReference = D18BEC3E27744F4D00355FAB /* theMovieDBUITests.xctest */;
			productType = "com.apple.product-type.bundle.ui-testing";
		};
/* End PBXNativeTarget section */

/* Begin PBXProject section */
		D18BEC1627744F4400355FAB /* Project object */ = {
			isa = PBXProject;
			attributes = {
				BuildIndependentTargetsInParallel = 1;
				LastSwiftUpdateCheck = 1310;
				LastUpgradeCheck = 1310;
				TargetAttributes = {
					D18BEC1D27744F4400355FAB = {
						CreatedOnToolsVersion = 13.1;
					};
					D18BEC3327744F4D00355FAB = {
						CreatedOnToolsVersion = 13.1;
						TestTargetID = D18BEC1D27744F4400355FAB;
					};
					D18BEC3D27744F4D00355FAB = {
						CreatedOnToolsVersion = 13.1;
						TestTargetID = D18BEC1D27744F4400355FAB;
					};
				};
			};
			buildConfigurationList = D18BEC1927744F4400355FAB /* Build configuration list for PBXProject "theMovieDB" */;
			compatibilityVersion = "Xcode 13.0";
			developmentRegion = en;
			hasScannedForEncodings = 0;
			knownRegions = (
				en,
				Base,
			);
			mainGroup = D18BEC1527744F4400355FAB;
			productRefGroup = D18BEC1F27744F4400355FAB /* Products */;
			projectDirPath = "";
			projectRoot = "";
			targets = (
				D18BEC1D27744F4400355FAB /* theMovieDB */,
				D18BEC3327744F4D00355FAB /* theMovieDBTests */,
				D18BEC3D27744F4D00355FAB /* theMovieDBUITests */,
			);
		};
/* End PBXProject section */

/* Begin PBXResourcesBuildPhase section */
		D18BEC1C27744F4400355FAB /* Resources */ = {
			isa = PBXResourcesBuildPhase;
			buildActionMask = 2147483647;
			files = (
				D18BEC2E27744F4D00355FAB /* LaunchScreen.storyboard in Resources */,
				D18BEC2B27744F4D00355FAB /* Assets.xcassets in Resources */,
			);
			runOnlyForDeploymentPostprocessing = 0;
		};
		D18BEC3227744F4D00355FAB /* Resources */ = {
			isa = PBXResourcesBuildPhase;
			buildActionMask = 2147483647;
			files = (
			);
			runOnlyForDeploymentPostprocessing = 0;
		};
		D18BEC3C27744F4D00355FAB /* Resources */ = {
			isa = PBXResourcesBuildPhase;
			buildActionMask = 2147483647;
			files = (
			);
			runOnlyForDeploymentPostprocessing = 0;
		};
/* End PBXResourcesBuildPhase section */

/* Begin PBXShellScriptBuildPhase section */
		0BE83EEBFE51D531D37C6142 /* [CP] Check Pods Manifest.lock */ = {
			isa = PBXShellScriptBuildPhase;
			buildActionMask = 2147483647;
			files = (
			);
			inputFileListPaths = (
			);
			inputPaths = (
				"${PODS_PODFILE_DIR_PATH}/Podfile.lock",
				"${PODS_ROOT}/Manifest.lock",
			);
			name = "[CP] Check Pods Manifest.lock";
			outputFileListPaths = (
			);
			outputPaths = (
				"$(DERIVED_FILE_DIR)/Pods-theMovieDBTests-checkManifestLockResult.txt",
			);
			runOnlyForDeploymentPostprocessing = 0;
			shellPath = /bin/sh;
			shellScript = "diff \"${PODS_PODFILE_DIR_PATH}/Podfile.lock\" \"${PODS_ROOT}/Manifest.lock\" > /dev/null\nif [ $? != 0 ] ; then\n    # print error to STDERR\n    echo \"error: The sandbox is not in sync with the Podfile.lock. Run 'pod install' or update your CocoaPods installation.\" >&2\n    exit 1\nfi\n# This output is used by Xcode 'outputs' to avoid re-running this script phase.\necho \"SUCCESS\" > \"${SCRIPT_OUTPUT_FILE_0}\"\n";
			showEnvVarsInLog = 0;
		};
		12DE809725EE05B2074A6B58 /* [CP] Embed Pods Frameworks */ = {
			isa = PBXShellScriptBuildPhase;
			buildActionMask = 2147483647;
			files = (
			);
			inputFileListPaths = (
				"${PODS_ROOT}/Target Support Files/Pods-theMovieDB/Pods-theMovieDB-frameworks-${CONFIGURATION}-input-files.xcfilelist",
			);
			name = "[CP] Embed Pods Frameworks";
			outputFileListPaths = (
				"${PODS_ROOT}/Target Support Files/Pods-theMovieDB/Pods-theMovieDB-frameworks-${CONFIGURATION}-output-files.xcfilelist",
			);
			runOnlyForDeploymentPostprocessing = 0;
			shellPath = /bin/sh;
			shellScript = "\"${PODS_ROOT}/Target Support Files/Pods-theMovieDB/Pods-theMovieDB-frameworks.sh\"\n";
			showEnvVarsInLog = 0;
		};
		192E039B0362B0D43F677A89 /* [CP] Check Pods Manifest.lock */ = {
			isa = PBXShellScriptBuildPhase;
			buildActionMask = 2147483647;
			files = (
			);
			inputFileListPaths = (
			);
			inputPaths = (
				"${PODS_PODFILE_DIR_PATH}/Podfile.lock",
				"${PODS_ROOT}/Manifest.lock",
			);
			name = "[CP] Check Pods Manifest.lock";
			outputFileListPaths = (
			);
			outputPaths = (
				"$(DERIVED_FILE_DIR)/Pods-theMovieDB-checkManifestLockResult.txt",
			);
			runOnlyForDeploymentPostprocessing = 0;
			shellPath = /bin/sh;
			shellScript = "diff \"${PODS_PODFILE_DIR_PATH}/Podfile.lock\" \"${PODS_ROOT}/Manifest.lock\" > /dev/null\nif [ $? != 0 ] ; then\n    # print error to STDERR\n    echo \"error: The sandbox is not in sync with the Podfile.lock. Run 'pod install' or update your CocoaPods installation.\" >&2\n    exit 1\nfi\n# This output is used by Xcode 'outputs' to avoid re-running this script phase.\necho \"SUCCESS\" > \"${SCRIPT_OUTPUT_FILE_0}\"\n";
			showEnvVarsInLog = 0;
		};
/* End PBXShellScriptBuildPhase section */

/* Begin PBXSourcesBuildPhase section */
		D18BEC1A27744F4400355FAB /* Sources */ = {
			isa = PBXSourcesBuildPhase;
			buildActionMask = 2147483647;
			files = (
				D1C36D432778617900207A1B /* MovieCoordinator.swift in Sources */,
				D1C36D4127785FD300207A1B /* AppCoordinator.swift in Sources */,
				D18BEC2227744F4400355FAB /* AppDelegate.swift in Sources */,
				D18BEC2427744F4400355FAB /* SceneDelegate.swift in Sources */,
				D1C36D3F27785EE200207A1B /* Coordinator.swift in Sources */,
				D1C36D3A27784BC400207A1B /* MoviesViewModel.swift in Sources */,
				D1C36D3C27785C5B00207A1B /* MoviesViewController.swift in Sources */,
			);
			runOnlyForDeploymentPostprocessing = 0;
		};
		D18BEC3027744F4D00355FAB /* Sources */ = {
			isa = PBXSourcesBuildPhase;
			buildActionMask = 2147483647;
			files = (
				D18BEC3927744F4D00355FAB /* theMovieDBTests.swift in Sources */,
			);
			runOnlyForDeploymentPostprocessing = 0;
		};
		D18BEC3A27744F4D00355FAB /* Sources */ = {
			isa = PBXSourcesBuildPhase;
			buildActionMask = 2147483647;
			files = (
				D18BEC4327744F4D00355FAB /* theMovieDBUITests.swift in Sources */,
				D18BEC4527744F4D00355FAB /* theMovieDBUITestsLaunchTests.swift in Sources */,
			);
			runOnlyForDeploymentPostprocessing = 0;
		};
/* End PBXSourcesBuildPhase section */

/* Begin PBXTargetDependency section */
		D18BEC3627744F4D00355FAB /* PBXTargetDependency */ = {
			isa = PBXTargetDependency;
			target = D18BEC1D27744F4400355FAB /* theMovieDB */;
			targetProxy = D18BEC3527744F4D00355FAB /* PBXContainerItemProxy */;
		};
		D18BEC4027744F4D00355FAB /* PBXTargetDependency */ = {
			isa = PBXTargetDependency;
			target = D18BEC1D27744F4400355FAB /* theMovieDB */;
			targetProxy = D18BEC3F27744F4D00355FAB /* PBXContainerItemProxy */;
		};
/* End PBXTargetDependency section */

/* Begin PBXVariantGroup section */
		D18BEC2C27744F4D00355FAB /* LaunchScreen.storyboard */ = {
			isa = PBXVariantGroup;
			children = (
				D18BEC2D27744F4D00355FAB /* Base */,
			);
			name = LaunchScreen.storyboard;
			sourceTree = "<group>";
		};
/* End PBXVariantGroup section */

/* Begin XCBuildConfiguration section */
		D18BEC4627744F4D00355FAB /* Debug */ = {
			isa = XCBuildConfiguration;
			buildSettings = {
				ALWAYS_SEARCH_USER_PATHS = NO;
				CLANG_ANALYZER_NONNULL = YES;
				CLANG_ANALYZER_NUMBER_OBJECT_CONVERSION = YES_AGGRESSIVE;
				CLANG_CXX_LANGUAGE_STANDARD = "gnu++17";
				CLANG_CXX_LIBRARY = "libc++";
				CLANG_ENABLE_MODULES = YES;
				CLANG_ENABLE_OBJC_ARC = YES;
				CLANG_ENABLE_OBJC_WEAK = YES;
				CLANG_WARN_BLOCK_CAPTURE_AUTORELEASING = YES;
				CLANG_WARN_BOOL_CONVERSION = YES;
				CLANG_WARN_COMMA = YES;
				CLANG_WARN_CONSTANT_CONVERSION = YES;
				CLANG_WARN_DEPRECATED_OBJC_IMPLEMENTATIONS = YES;
				CLANG_WARN_DIRECT_OBJC_ISA_USAGE = YES_ERROR;
				CLANG_WARN_DOCUMENTATION_COMMENTS = YES;
				CLANG_WARN_EMPTY_BODY = YES;
				CLANG_WARN_ENUM_CONVERSION = YES;
				CLANG_WARN_INFINITE_RECURSION = YES;
				CLANG_WARN_INT_CONVERSION = YES;
				CLANG_WARN_NON_LITERAL_NULL_CONVERSION = YES;
				CLANG_WARN_OBJC_IMPLICIT_RETAIN_SELF = YES;
				CLANG_WARN_OBJC_LITERAL_CONVERSION = YES;
				CLANG_WARN_OBJC_ROOT_CLASS = YES_ERROR;
				CLANG_WARN_QUOTED_INCLUDE_IN_FRAMEWORK_HEADER = YES;
				CLANG_WARN_RANGE_LOOP_ANALYSIS = YES;
				CLANG_WARN_STRICT_PROTOTYPES = YES;
				CLANG_WARN_SUSPICIOUS_MOVE = YES;
				CLANG_WARN_UNGUARDED_AVAILABILITY = YES_AGGRESSIVE;
				CLANG_WARN_UNREACHABLE_CODE = YES;
				CLANG_WARN__DUPLICATE_METHOD_MATCH = YES;
				COPY_PHASE_STRIP = NO;
				DEBUG_INFORMATION_FORMAT = dwarf;
				ENABLE_STRICT_OBJC_MSGSEND = YES;
				ENABLE_TESTABILITY = YES;
				GCC_C_LANGUAGE_STANDARD = gnu11;
				GCC_DYNAMIC_NO_PIC = NO;
				GCC_NO_COMMON_BLOCKS = YES;
				GCC_OPTIMIZATION_LEVEL = 0;
				GCC_PREPROCESSOR_DEFINITIONS = (
					"DEBUG=1",
					"$(inherited)",
				);
				GCC_WARN_64_TO_32_BIT_CONVERSION = YES;
				GCC_WARN_ABOUT_RETURN_TYPE = YES_ERROR;
				GCC_WARN_UNDECLARED_SELECTOR = YES;
				GCC_WARN_UNINITIALIZED_AUTOS = YES_AGGRESSIVE;
				GCC_WARN_UNUSED_FUNCTION = YES;
				GCC_WARN_UNUSED_VARIABLE = YES;
				IPHONEOS_DEPLOYMENT_TARGET = 15.0;
				MTL_ENABLE_DEBUG_INFO = INCLUDE_SOURCE;
				MTL_FAST_MATH = YES;
				ONLY_ACTIVE_ARCH = YES;
				SDKROOT = iphoneos;
				SWIFT_ACTIVE_COMPILATION_CONDITIONS = DEBUG;
				SWIFT_OPTIMIZATION_LEVEL = "-Onone";
			};
			name = Debug;
		};
		D18BEC4727744F4D00355FAB /* Release */ = {
			isa = XCBuildConfiguration;
			buildSettings = {
				ALWAYS_SEARCH_USER_PATHS = NO;
				CLANG_ANALYZER_NONNULL = YES;
				CLANG_ANALYZER_NUMBER_OBJECT_CONVERSION = YES_AGGRESSIVE;
				CLANG_CXX_LANGUAGE_STANDARD = "gnu++17";
				CLANG_CXX_LIBRARY = "libc++";
				CLANG_ENABLE_MODULES = YES;
				CLANG_ENABLE_OBJC_ARC = YES;
				CLANG_ENABLE_OBJC_WEAK = YES;
				CLANG_WARN_BLOCK_CAPTURE_AUTORELEASING = YES;
				CLANG_WARN_BOOL_CONVERSION = YES;
				CLANG_WARN_COMMA = YES;
				CLANG_WARN_CONSTANT_CONVERSION = YES;
				CLANG_WARN_DEPRECATED_OBJC_IMPLEMENTATIONS = YES;
				CLANG_WARN_DIRECT_OBJC_ISA_USAGE = YES_ERROR;
				CLANG_WARN_DOCUMENTATION_COMMENTS = YES;
				CLANG_WARN_EMPTY_BODY = YES;
				CLANG_WARN_ENUM_CONVERSION = YES;
				CLANG_WARN_INFINITE_RECURSION = YES;
				CLANG_WARN_INT_CONVERSION = YES;
				CLANG_WARN_NON_LITERAL_NULL_CONVERSION = YES;
				CLANG_WARN_OBJC_IMPLICIT_RETAIN_SELF = YES;
				CLANG_WARN_OBJC_LITERAL_CONVERSION = YES;
				CLANG_WARN_OBJC_ROOT_CLASS = YES_ERROR;
				CLANG_WARN_QUOTED_INCLUDE_IN_FRAMEWORK_HEADER = YES;
				CLANG_WARN_RANGE_LOOP_ANALYSIS = YES;
				CLANG_WARN_STRICT_PROTOTYPES = YES;
				CLANG_WARN_SUSPICIOUS_MOVE = YES;
				CLANG_WARN_UNGUARDED_AVAILABILITY = YES_AGGRESSIVE;
				CLANG_WARN_UNREACHABLE_CODE = YES;
				CLANG_WARN__DUPLICATE_METHOD_MATCH = YES;
				COPY_PHASE_STRIP = NO;
				DEBUG_INFORMATION_FORMAT = "dwarf-with-dsym";
				ENABLE_NS_ASSERTIONS = NO;
				ENABLE_STRICT_OBJC_MSGSEND = YES;
				GCC_C_LANGUAGE_STANDARD = gnu11;
				GCC_NO_COMMON_BLOCKS = YES;
				GCC_WARN_64_TO_32_BIT_CONVERSION = YES;
				GCC_WARN_ABOUT_RETURN_TYPE = YES_ERROR;
				GCC_WARN_UNDECLARED_SELECTOR = YES;
				GCC_WARN_UNINITIALIZED_AUTOS = YES_AGGRESSIVE;
				GCC_WARN_UNUSED_FUNCTION = YES;
				GCC_WARN_UNUSED_VARIABLE = YES;
				IPHONEOS_DEPLOYMENT_TARGET = 15.0;
				MTL_ENABLE_DEBUG_INFO = NO;
				MTL_FAST_MATH = YES;
				SDKROOT = iphoneos;
				SWIFT_COMPILATION_MODE = wholemodule;
				SWIFT_OPTIMIZATION_LEVEL = "-O";
				VALIDATE_PRODUCT = YES;
			};
			name = Release;
		};
		D18BEC4927744F4D00355FAB /* Debug */ = {
			isa = XCBuildConfiguration;
			baseConfigurationReference = 824570AE07ACA61ED1FCFC85 /* Pods-theMovieDB.debug.xcconfig */;
			buildSettings = {
				ASSETCATALOG_COMPILER_APPICON_NAME = AppIcon;
				ASSETCATALOG_COMPILER_GLOBAL_ACCENT_COLOR_NAME = AccentColor;
				CODE_SIGN_STYLE = Automatic;
				CURRENT_PROJECT_VERSION = 1;
				DEVELOPMENT_TEAM = 5R3NRRRC6P;
				GENERATE_INFOPLIST_FILE = YES;
				INFOPLIST_FILE = theMovieDB/Info.plist;
				INFOPLIST_KEY_UIApplicationSupportsIndirectInputEvents = YES;
				INFOPLIST_KEY_UILaunchStoryboardName = LaunchScreen;
				INFOPLIST_KEY_UISupportedInterfaceOrientations_iPad = "UIInterfaceOrientationPortrait UIInterfaceOrientationPortraitUpsideDown UIInterfaceOrientationLandscapeLeft UIInterfaceOrientationLandscapeRight";
				INFOPLIST_KEY_UISupportedInterfaceOrientations_iPhone = "UIInterfaceOrientationPortrait UIInterfaceOrientationLandscapeLeft UIInterfaceOrientationLandscapeRight";
				LD_RUNPATH_SEARCH_PATHS = (
					"$(inherited)",
					"@executable_path/Frameworks",
				);
				MARKETING_VERSION = 1.0;
				PRODUCT_BUNDLE_IDENTIFIER = com.andres.theMovieDB;
				PRODUCT_NAME = "$(TARGET_NAME)";
				SWIFT_EMIT_LOC_STRINGS = YES;
				SWIFT_VERSION = 5.0;
				TARGETED_DEVICE_FAMILY = "1,2";
			};
			name = Debug;
		};
		D18BEC4A27744F4D00355FAB /* Release */ = {
			isa = XCBuildConfiguration;
			baseConfigurationReference = 4D2587071E2796536E9CB33A /* Pods-theMovieDB.release.xcconfig */;
			buildSettings = {
				ASSETCATALOG_COMPILER_APPICON_NAME = AppIcon;
				ASSETCATALOG_COMPILER_GLOBAL_ACCENT_COLOR_NAME = AccentColor;
				CODE_SIGN_STYLE = Automatic;
				CURRENT_PROJECT_VERSION = 1;
				DEVELOPMENT_TEAM = 5R3NRRRC6P;
				GENERATE_INFOPLIST_FILE = YES;
				INFOPLIST_FILE = theMovieDB/Info.plist;
				INFOPLIST_KEY_UIApplicationSupportsIndirectInputEvents = YES;
				INFOPLIST_KEY_UILaunchStoryboardName = LaunchScreen;
				INFOPLIST_KEY_UISupportedInterfaceOrientations_iPad = "UIInterfaceOrientationPortrait UIInterfaceOrientationPortraitUpsideDown UIInterfaceOrientationLandscapeLeft UIInterfaceOrientationLandscapeRight";
				INFOPLIST_KEY_UISupportedInterfaceOrientations_iPhone = "UIInterfaceOrientationPortrait UIInterfaceOrientationLandscapeLeft UIInterfaceOrientationLandscapeRight";
				LD_RUNPATH_SEARCH_PATHS = (
					"$(inherited)",
					"@executable_path/Frameworks",
				);
				MARKETING_VERSION = 1.0;
				PRODUCT_BUNDLE_IDENTIFIER = com.andres.theMovieDB;
				PRODUCT_NAME = "$(TARGET_NAME)";
				SWIFT_EMIT_LOC_STRINGS = YES;
				SWIFT_VERSION = 5.0;
				TARGETED_DEVICE_FAMILY = "1,2";
			};
			name = Release;
		};
		D18BEC4C27744F4D00355FAB /* Debug */ = {
			isa = XCBuildConfiguration;
			baseConfigurationReference = 851D04326B94C0911AD90449 /* Pods-theMovieDBTests.debug.xcconfig */;
			buildSettings = {
				ALWAYS_EMBED_SWIFT_STANDARD_LIBRARIES = YES;
				BUNDLE_LOADER = "$(TEST_HOST)";
				CODE_SIGN_STYLE = Automatic;
				CURRENT_PROJECT_VERSION = 1;
				DEVELOPMENT_TEAM = 5R3NRRRC6P;
				GENERATE_INFOPLIST_FILE = YES;
				IPHONEOS_DEPLOYMENT_TARGET = 15.0;
				LD_RUNPATH_SEARCH_PATHS = (
					"$(inherited)",
					"@executable_path/Frameworks",
					"@loader_path/Frameworks",
				);
				MARKETING_VERSION = 1.0;
				PRODUCT_BUNDLE_IDENTIFIER = com.andres.theMovieDBTests;
				PRODUCT_NAME = "$(TARGET_NAME)";
				SWIFT_EMIT_LOC_STRINGS = NO;
				SWIFT_VERSION = 5.0;
				TARGETED_DEVICE_FAMILY = "1,2";
				TEST_HOST = "$(BUILT_PRODUCTS_DIR)/theMovieDB.app/theMovieDB";
			};
			name = Debug;
		};
		D18BEC4D27744F4D00355FAB /* Release */ = {
			isa = XCBuildConfiguration;
			baseConfigurationReference = 15C1CE6CB62A4E133FFD349B /* Pods-theMovieDBTests.release.xcconfig */;
			buildSettings = {
				ALWAYS_EMBED_SWIFT_STANDARD_LIBRARIES = YES;
				BUNDLE_LOADER = "$(TEST_HOST)";
				CODE_SIGN_STYLE = Automatic;
				CURRENT_PROJECT_VERSION = 1;
				DEVELOPMENT_TEAM = 5R3NRRRC6P;
				GENERATE_INFOPLIST_FILE = YES;
				IPHONEOS_DEPLOYMENT_TARGET = 15.0;
				LD_RUNPATH_SEARCH_PATHS = (
					"$(inherited)",
					"@executable_path/Frameworks",
					"@loader_path/Frameworks",
				);
				MARKETING_VERSION = 1.0;
				PRODUCT_BUNDLE_IDENTIFIER = com.andres.theMovieDBTests;
				PRODUCT_NAME = "$(TARGET_NAME)";
				SWIFT_EMIT_LOC_STRINGS = NO;
				SWIFT_VERSION = 5.0;
				TARGETED_DEVICE_FAMILY = "1,2";
				TEST_HOST = "$(BUILT_PRODUCTS_DIR)/theMovieDB.app/theMovieDB";
			};
			name = Release;
		};
		D18BEC4F27744F4D00355FAB /* Debug */ = {
			isa = XCBuildConfiguration;
			buildSettings = {
				ALWAYS_EMBED_SWIFT_STANDARD_LIBRARIES = YES;
				CODE_SIGN_STYLE = Automatic;
				CURRENT_PROJECT_VERSION = 1;
				DEVELOPMENT_TEAM = 5R3NRRRC6P;
				GENERATE_INFOPLIST_FILE = YES;
				LD_RUNPATH_SEARCH_PATHS = (
					"$(inherited)",
					"@executable_path/Frameworks",
					"@loader_path/Frameworks",
				);
				MARKETING_VERSION = 1.0;
				PRODUCT_BUNDLE_IDENTIFIER = com.andres.theMovieDBUITests;
				PRODUCT_NAME = "$(TARGET_NAME)";
				SWIFT_EMIT_LOC_STRINGS = NO;
				SWIFT_VERSION = 5.0;
				TARGETED_DEVICE_FAMILY = "1,2";
				TEST_TARGET_NAME = theMovieDB;
			};
			name = Debug;
		};
		D18BEC5027744F4D00355FAB /* Release */ = {
			isa = XCBuildConfiguration;
			buildSettings = {
				ALWAYS_EMBED_SWIFT_STANDARD_LIBRARIES = YES;
				CODE_SIGN_STYLE = Automatic;
				CURRENT_PROJECT_VERSION = 1;
				DEVELOPMENT_TEAM = 5R3NRRRC6P;
				GENERATE_INFOPLIST_FILE = YES;
				LD_RUNPATH_SEARCH_PATHS = (
					"$(inherited)",
					"@executable_path/Frameworks",
					"@loader_path/Frameworks",
				);
				MARKETING_VERSION = 1.0;
				PRODUCT_BUNDLE_IDENTIFIER = com.andres.theMovieDBUITests;
				PRODUCT_NAME = "$(TARGET_NAME)";
				SWIFT_EMIT_LOC_STRINGS = NO;
				SWIFT_VERSION = 5.0;
				TARGETED_DEVICE_FAMILY = "1,2";
				TEST_TARGET_NAME = theMovieDB;
			};
			name = Release;
		};
/* End XCBuildConfiguration section */

/* Begin XCConfigurationList section */
		D18BEC1927744F4400355FAB /* Build configuration list for PBXProject "theMovieDB" */ = {
			isa = XCConfigurationList;
			buildConfigurations = (
				D18BEC4627744F4D00355FAB /* Debug */,
				D18BEC4727744F4D00355FAB /* Release */,
			);
			defaultConfigurationIsVisible = 0;
			defaultConfigurationName = Release;
		};
		D18BEC4827744F4D00355FAB /* Build configuration list for PBXNativeTarget "theMovieDB" */ = {
			isa = XCConfigurationList;
			buildConfigurations = (
				D18BEC4927744F4D00355FAB /* Debug */,
				D18BEC4A27744F4D00355FAB /* Release */,
			);
			defaultConfigurationIsVisible = 0;
			defaultConfigurationName = Release;
		};
		D18BEC4B27744F4D00355FAB /* Build configuration list for PBXNativeTarget "theMovieDBTests" */ = {
			isa = XCConfigurationList;
			buildConfigurations = (
				D18BEC4C27744F4D00355FAB /* Debug */,
				D18BEC4D27744F4D00355FAB /* Release */,
			);
			defaultConfigurationIsVisible = 0;
			defaultConfigurationName = Release;
		};
		D18BEC4E27744F4D00355FAB /* Build configuration list for PBXNativeTarget "theMovieDBUITests" */ = {
			isa = XCConfigurationList;
			buildConfigurations = (
				D18BEC4F27744F4D00355FAB /* Debug */,
				D18BEC5027744F4D00355FAB /* Release */,
			);
			defaultConfigurationIsVisible = 0;
			defaultConfigurationName = Release;
		};
/* End XCConfigurationList section */
	};
	rootObject = D18BEC1627744F4400355FAB /* Project object */;
}
